
Microsoft Visual Studio Solution File, Format Version 12.00
# Visual Studio Version 16
VisualStudioVersion = 16.0.30804.86
MinimumVisualStudioVersion = 10.0.40219.1
Project("{FAE04EC0-301F-11D3-BF4B-00C04F79EFBC}") = "Port Scanner UI", "Port Scanner UI\Port Scanner UI.csproj", "{BA930343-7217-487B-AC6A-8BAFB23CBD61}"
EndProject
Project("{9A19103F-16F7-4668-BE54-9A1E7A4F7556}") = "Port Scanner Test", "Port Scanner Test\Port Scanner Test.csproj", "{52B07E78-97A6-44D7-9459-7BC117D3FB7E}"
EndProject
Project("{FAE04EC0-301F-11D3-BF4B-00C04F79EFBC}") = "IpOperation.Net", "IpOperation.Net\IpOperation.Net.csproj", "{08CED4EC-FE9A-4E47-984E-D6EA48D688C1}"
EndProject
Global
	GlobalSection(SolutionConfigurationPlatforms) = preSolution
		Debug|Any CPU = Debug|Any CPU
		Release|Any CPU = Release|Any CPU
	EndGlobalSection
	GlobalSection(ProjectConfigurationPlatforms) = postSolution
		{BA930343-7217-487B-AC6A-8BAFB23CBD61}.Debug|Any CPU.ActiveCfg = Debug|Any CPU
		{BA930343-7217-487B-AC6A-8BAFB23CBD61}.Debug|Any CPU.Build.0 = Debug|Any CPU
		{BA930343-7217-487B-AC6A-8BAFB23CBD61}.Release|Any CPU.ActiveCfg = Release|Any CPU
		{BA930343-7217-487B-AC6A-8BAFB23CBD61}.Release|Any CPU.Build.0 = Release|Any CPU
		{52B07E78-97A6-44D7-9459-7BC117D3FB7E}.Debug|Any CPU.ActiveCfg = Debug|Any CPU
		{52B07E78-97A6-44D7-9459-7BC117D3FB7E}.Debug|Any CPU.Build.0 = Debug|Any CPU
		{52B07E78-97A6-44D7-9459-7BC117D3FB7E}.Release|Any CPU.ActiveCfg = Release|Any CPU
		{52B07E78-97A6-44D7-9459-7BC117D3FB7E}.Release|Any CPU.Build.0 = Release|Any CPU
		{08CED4EC-FE9A-4E47-984E-D6EA48D688C1}.Debug|Any CPU.ActiveCfg = Debug|Any CPU
		{08CED4EC-FE9A-4E47-984E-D6EA48D688C1}.Debug|Any CPU.Build.0 = Debug|Any CPU
		{08CED4EC-FE9A-4E47-984E-D6EA48D688C1}.Release|Any CPU.ActiveCfg = Release|Any CPU
		{08CED4EC-FE9A-4E47-984E-D6EA48D688C1}.Release|Any CPU.Build.0 = Release|Any CPU
	EndGlobalSection
	GlobalSection(SolutionProperties) = preSolution
		HideSolutionNode = FALSE
	EndGlobalSection
	GlobalSection(ExtensibilityGlobals) = postSolution
		SolutionGuid = {576F842C-741D-450F-813F-5AEE54E1924F}
	EndGlobalSection
EndGlobal
